<?xml version="1.0" encoding="UTF-8"?>
<Project ToolsVersion="15.0" xmlns="http://schemas.microsoft.com/developer/msbuild/2003">
  <ItemGroup>
    <CustomBuild Include="D:\DEV\PhonemeExtractor\DEV_ENV\CMakeFiles\7c81cb7294d81cf555e66681cddabf46\generate.stamp.rule">
      <Filter>CMake Rules</Filter>
    </CustomBuild>
  </ItemGroup>
  <ItemGroup>
    <Filter Include="CMake Rules">
      <UniqueIdentifier>{7BE92318-88CD-3285-907D-28A11FC61E40}</UniqueIdentifier>
    </Filter>
  </ItemGroup>
</Project>
